Microsoft Visual Studio Solution File, Format Version 12.00
# Visual Studio Version 17
VisualStudioVersion = 17.5.2.0
MinimumVisualStudioVersion = 10.0.40219.1
Project("{FAE04EC0-301F-11D3-BF4B-00C04F79EFBC}") = "StatisticsBackend", "StatisticsBackend.csproj", "{22F2E4BC-0C13-1687-A799-A1775967171A}"
EndProject
Global
	GlobalSection(SolutionConfigurationPlatforms) = preSolution
		Debug|Any CPU = Debug|Any CPU
		Release|Any CPU = Release|Any CPU
	EndGlobalSection
	GlobalSection(ProjectConfigurationPlatforms) = postSolution
		{22F2E4BC-0C13-1687-A799-A1775967171A}.Debug|Any CPU.ActiveCfg = Debug|Any CPU
		{22F2E4BC-0C13-1687-A799-A1775967171A}.Debug|Any CPU.Build.0 = Debug|Any CPU
		{22F2E4BC-0C13-1687-A799-A1775967171A}.Release|Any CPU.ActiveCfg = Release|Any CPU
		{22F2E4BC-0C13-1687-A799-A1775967171A}.Release|Any CPU.Build.0 = Release|Any CPU
	EndGlobalSection
	GlobalSection(SolutionProperties) = preSolution
		HideSolutionNode = FALSE
	EndGlobalSection
	GlobalSection(ExtensibilityGlobals) = postSolution
		SolutionGuid = {096693CC-ED7F-464A-89AB-AE9FD08A4241}
	EndGlobalSection
EndGlobal
